// !$*UTF8*$!
{
	archiveVersion = 1;
	classes = {
	};
	objectVersion = 46;
	objects = {

/* Begin PBXBuildFile section */
		93518E401F278DA9005381E6 /* AppDelegate.swift in Sources */ = {isa = PBXBuildFile; fileRef = 93518E3F1F278DA9005381E6 /* AppDelegate.swift */; };
		93518E421F278DA9005381E6 /* ViewController.swift in Sources */ = {isa = PBXBuildFile; fileRef = 93518E411F278DA9005381E6 /* ViewController.swift */; };
		93518E451F278DA9005381E6 /* Main.storyboard in Resources */ = {isa = PBXBuildFile; fileRef = 93518E431F278DA9005381E6 /* Main.storyboard */; };
		93518E471F278DA9005381E6 /* Assets.xcassets in Resources */ = {isa = PBXBuildFile; fileRef = 93518E461F278DA9005381E6 /* Assets.xcassets */; };
		93518E4A1F278DA9005381E6 /* LaunchScreen.storyboard in Resources */ = {isa = PBXBuildFile; fileRef = 93518E481F278DA9005381E6 /* LaunchScreen.storyboard */; };
		93518E551F278DA9005381E6 /* gallery_ver2Tests.swift in Sources */ = {isa = PBXBuildFile; fileRef = 93518E541F278DA9005381E6 /* gallery_ver2Tests.swift */; };
		93518E601F278DA9005381E6 /* gallery_ver2UITests.swift in Sources */ = {isa = PBXBuildFile; fileRef = 93518E5F1F278DA9005381E6 /* gallery_ver2UITests.swift */; };
/* End PBXBuildFile section */

/* Begin PBXContainerItemProxy section */
		93518E511F278DA9005381E6 /* PBXContainerItemProxy */ = {
			isa = PBXContainerItemProxy;
			containerPortal = 93518E341F278DA9005381E6 /* Project object */;
			proxyType = 1;
			remoteGlobalIDString = 93518E3B1F278DA9005381E6;
			remoteInfo = gallery.ver2;
		};
		93518E5C1F278DA9005381E6 /* PBXContainerItemProxy */ = {
			isa = PBXContainerItemProxy;
			containerPortal = 93518E341F278DA9005381E6 /* Project object */;
			proxyType = 1;
			remoteGlobalIDString = 93518E3B1F278DA9005381E6;
			remoteInfo = gallery.ver2;
		};
/* End PBXContainerItemProxy section */

/* Begin PBXFileReference section */
		93518E3C1F278DA9005381E6 /* gallery.ver2.app */ = {isa = PBXFileReference; explicitFileType = wrapper.application; includeInIndex = 0; path = gallery.ver2.app; sourceTree = BUILT_PRODUCTS_DIR; };
		93518E3F1F278DA9005381E6 /* AppDelegate.swift */ = {isa = PBXFileReference; lastKnownFileType = sourcecode.swift; path = AppDelegate.swift; sourceTree = "<group>"; };
		93518E411F278DA9005381E6 /* ViewController.swift */ = {isa = PBXFileReference; lastKnownFileType = sourcecode.swift; path = ViewController.swift; sourceTree = "<group>"; };
		93518E441F278DA9005381E6 /* Base */ = {isa = PBXFileReference; lastKnownFileType = file.storyboard; name = Base; path = Base.lproj/Main.storyboard; sourceTree = "<group>"; };
		93518E461F278DA9005381E6 /* Assets.xcassets */ = {isa = PBXFileReference; lastKnownFileType = folder.assetcatalog; path = Assets.xcassets; sourceTree = "<group>"; };
		93518E491F278DA9005381E6 /* Base */ = {isa = PBXFileReference; lastKnownFileType = file.storyboard; name = Base; path = Base.lproj/LaunchScreen.storyboard; sourceTree = "<group>"; };
		93518E4B1F278DA9005381E6 /* Info.plist */ = {isa = PBXFileReference; lastKnownFileType = text.plist.xml; path = Info.plist; sourceTree = "<group>"; };
		93518E501F278DA9005381E6 /* gallery.ver2Tests.xctest */ = {isa = PBXFileReference; explicitFileType = wrapper.cfbundle; includeInIndex = 0; path = gallery.ver2Tests.xctest; sourceTree = BUILT_PRODUCTS_DIR; };
		93518E541F278DA9005381E6 /* gallery_ver2Tests.swift */ = {isa = PBXFileReference; lastKnownFileType = sourcecode.swift; path = gallery_ver2Tests.swift; sourceTree = "<group>"; };
		93518E561F278DA9005381E6 /* Info.plist */ = {isa = PBXFileReference; lastKnownFileType = text.plist.xml; path = Info.plist; sourceTree = "<group>"; };
		93518E5B1F278DA9005381E6 /* gallery.ver2UITests.xctest */ = {isa = PBXFileReference; explicitFileType = wrapper.cfbundle; includeInIndex = 0; path = gallery.ver2UITests.xctest; sourceTree = BUILT_PRODUCTS_DIR; };
		93518E5F1F278DA9005381E6 /* gallery_ver2UITests.swift */ = {isa = PBXFileReference; lastKnownFileType = sourcecode.swift; path = gallery_ver2UITests.swift; sourceTree = "<group>"; };
		93518E611F278DA9005381E6 /* Info.plist */ = {isa = PBXFileReference; lastKnownFileType = text.plist.xml; path = Info.plist; sourceTree = "<group>"; };
/* End PBXFileReference section */

/* Begin PBXFrameworksBuildPhase section */
		93518E391F278DA9005381E6 /* Frameworks */ = {
			isa = PBXFrameworksBuildPhase;
			buildActionMask = 2147483647;
			files = (
			);
			runOnlyForDeploymentPostprocessing = 0;
		};
		93518E4D1F278DA9005381E6 /* Frameworks */ = {
			isa = PBXFrameworksBuildPhase;
			buildActionMask = 2147483647;
			files = (
			);
			runOnlyForDeploymentPostprocessing = 0;
		};
		93518E581F278DA9005381E6 /* Frameworks */ = {
			isa = PBXFrameworksBuildPhase;
			buildActionMask = 2147483647;
			files = (
			);
			runOnlyForDeploymentPostprocessing = 0;
		};
/* End PBXFrameworksBuildPhase section */

/* Begin PBXGroup section */
		93518E331F278DA9005381E6 = {
			isa = PBXGroup;
			children = (
				93518E3E1F278DA9005381E6 /* gallery.ver2 */,
				93518E531F278DA9005381E6 /* gallery.ver2Tests */,
				93518E5E1F278DA9005381E6 /* gallery.ver2UITests */,
				93518E3D1F278DA9005381E6 /* Products */,
			);
			sourceTree = "<group>";
		};
		93518E3D1F278DA9005381E6 /* Products */ = {
			isa = PBXGroup;
			children = (
				93518E3C1F278DA9005381E6 /* gallery.ver2.app */,
				93518E501F278DA9005381E6 /* gallery.ver2Tests.xctest */,
				93518E5B1F278DA9005381E6 /* gallery.ver2UITests.xctest */,
			);
			name = Products;
			sourceTree = "<group>";
		};
		93518E3E1F278DA9005381E6 /* gallery.ver2 */ = {
			isa = PBXGroup;
			children = (
				93518E3F1F278DA9005381E6 /* AppDelegate.swift */,
				93518E411F278DA9005381E6 /* ViewController.swift */,
				93518E431F278DA9005381E6 /* Main.storyboard */,
				93518E461F278DA9005381E6 /* Assets.xcassets */,
				93518E481F278DA9005381E6 /* LaunchScreen.storyboard */,
				93518E4B1F278DA9005381E6 /* Info.plist */,
			);
			path = gallery.ver2;
			sourceTree = "<group>";
		};
		93518E531F278DA9005381E6 /* gallery.ver2Tests */ = {
			isa = PBXGroup;
			children = (
				93518E541F278DA9005381E6 /* gallery_ver2Tests.swift */,
				93518E561F278DA9005381E6 /* Info.plist */,
			);
			path = gallery.ver2Tests;
			sourceTree = "<group>";
		};
		93518E5E1F278DA9005381E6 /* gallery.ver2UITests */ = {
			isa = PBXGroup;
			children = (
				93518E5F1F278DA9005381E6 /* gallery_ver2UITests.swift */,
				93518E611F278DA9005381E6 /* Info.plist */,
			);
			path = gallery.ver2UITests;
			sourceTree = "<group>";
		};
/* End PBXGroup section */

/* Begin PBXNativeTarget section */
		93518E3B1F278DA9005381E6 /* gallery.ver2 */ = {
			isa = PBXNativeTarget;
			buildConfigurationList = 93518E641F278DA9005381E6 /* Build configuration list for PBXNativeTarget "gallery.ver2" */;
			buildPhases = (
				93518E381F278DA9005381E6 /* Sources */,
				93518E391F278DA9005381E6 /* Frameworks */,
				93518E3A1F278DA9005381E6 /* Resources */,
			);
			buildRules = (
			);
			dependencies = (
			);
			name = gallery.ver2;
			productName = gallery.ver2;
			productReference = 93518E3C1F278DA9005381E6 /* gallery.ver2.app */;
			productType = "com.apple.product-type.application";
		};
		93518E4F1F278DA9005381E6 /* gallery.ver2Tests */ = {
			isa = PBXNativeTarget;
			buildConfigurationList = 93518E671F278DA9005381E6 /* Build configuration list for PBXNativeTarget "gallery.ver2Tests" */;
			buildPhases = (
				93518E4C1F278DA9005381E6 /* Sources */,
				93518E4D1F278DA9005381E6 /* Frameworks */,
				93518E4E1F278DA9005381E6 /* Resources */,
			);
			buildRules = (
			);
			dependencies = (
				93518E521F278DA9005381E6 /* PBXTargetDependency */,
			);
			name = gallery.ver2Tests;
			productName = gallery.ver2Tests;
			productReference = 93518E501F278DA9005381E6 /* gallery.ver2Tests.xctest */;
			productType = "com.apple.product-type.bundle.unit-test";
		};
		93518E5A1F278DA9005381E6 /* gallery.ver2UITests */ = {
			isa = PBXNativeTarget;
			buildConfigurationList = 93518E6A1F278DA9005381E6 /* Build configuration list for PBXNativeTarget "gallery.ver2UITests" */;
			buildPhases = (
				93518E571F278DA9005381E6 /* Sources */,
				93518E581F278DA9005381E6 /* Frameworks */,
				93518E591F278DA9005381E6 /* Resources */,
			);
			buildRules = (
			);
			dependencies = (
				93518E5D1F278DA9005381E6 /* PBXTargetDependency */,
			);
			name = gallery.ver2UITests;
			productName = gallery.ver2UITests;
			productReference = 93518E5B1F278DA9005381E6 /* gallery.ver2UITests.xctest */;
			productType = "com.apple.product-type.bundle.ui-testing";
		};
/* End PBXNativeTarget section */

/* Begin PBXProject section */
		93518E341F278DA9005381E6 /* Project object */ = {
			isa = PBXProject;
			attributes = {
				LastSwiftUpdateCheck = 0830;
				LastUpgradeCheck = 0830;
				ORGANIZATIONNAME = MelnikovK;
				TargetAttributes = {
					93518E3B1F278DA9005381E6 = {
						CreatedOnToolsVersion = 8.3.3;
						ProvisioningStyle = Automatic;
					};
					93518E4F1F278DA9005381E6 = {
						CreatedOnToolsVersion = 8.3.3;
						ProvisioningStyle = Automatic;
						TestTargetID = 93518E3B1F278DA9005381E6;
					};
					93518E5A1F278DA9005381E6 = {
						CreatedOnToolsVersion = 8.3.3;
						ProvisioningStyle = Automatic;
						TestTargetID = 93518E3B1F278DA9005381E6;
					};
				};
			};
			buildConfigurationList = 93518E371F278DA9005381E6 /* Build configuration list for PBXProject "gallery.ver2" */;
			compatibilityVersion = "Xcode 3.2";
			developmentRegion = English;
			hasScannedForEncodings = 0;
			knownRegions = (
				en,
				Base,
			);
			mainGroup = 93518E331F278DA9005381E6;
			productRefGroup = 93518E3D1F278DA9005381E6 /* Products */;
			projectDirPath = "";
			projectRoot = "";
			targets = (
				93518E3B1F278DA9005381E6 /* gallery.ver2 */,
				93518E4F1F278DA9005381E6 /* gallery.ver2Tests */,
				93518E5A1F278DA9005381E6 /* gallery.ver2UITests */,
			);
		};
/* End PBXProject section */

/* Begin PBXResourcesBuildPhase section */
		93518E3A1F278DA9005381E6 /* Resources */ = {
			isa = PBXResourcesBuildPhase;
			buildActionMask = 2147483647;
			files = (
				93518E4A1F278DA9005381E6 /* LaunchScreen.storyboard in Resources */,
				93518E471F278DA9005381E6 /* Assets.xcassets in Resources */,
				93518E451F278DA9005381E6 /* Main.storyboard in Resources */,
			);
			runOnlyForDeploymentPostprocessing = 0;
		};
		93518E4E1F278DA9005381E6 /* Resources */ = {
			isa = PBXResourcesBuildPhase;
			buildActionMask = 2147483647;
			files = (
			);
			runOnlyForDeploymentPostprocessing = 0;
		};
		93518E591F278DA9005381E6 /* Resources */ = {
			isa = PBXResourcesBuildPhase;
			buildActionMask = 2147483647;
			files = (
			);
			runOnlyForDeploymentPostprocessing = 0;
		};
/* End PBXResourcesBuildPhase section */

/* Begin PBXSourcesBuildPhase section */
		93518E381F278DA9005381E6 /* Sources */ = {
			isa = PBXSourcesBuildPhase;
			buildActionMask = 2147483647;
			files = (
				93518E421F278DA9005381E6 /* ViewController.swift in Sources */,
				93518E401F278DA9005381E6 /* AppDelegate.swift in Sources */,
			);
			runOnlyForDeploymentPostprocessing = 0;
		};
		93518E4C1F278DA9005381E6 /* Sources */ = {
			isa = PBXSourcesBuildPhase;
			buildActionMask = 2147483647;
			files = (
				93518E551F278DA9005381E6 /* gallery_ver2Tests.swift in Sources */,
			);
			runOnlyForDeploymentPostprocessing = 0;
		};
		93518E571F278DA9005381E6 /* Sources */ = {
			isa = PBXSourcesBuildPhase;
			buildActionMask = 2147483647;
			files = (
				93518E601F278DA9005381E6 /* gallery_ver2UITests.swift in Sources */,
			);
			runOnlyForDeploymentPostprocessing = 0;
		};
/* End PBXSourcesBuildPhase section */

/* Begin PBXTargetDependency section */
		93518E521F278DA9005381E6 /* PBXTargetDependency */ = {
			isa = PBXTargetDependency;
			target = 93518E3B1F278DA9005381E6 /* gallery.ver2 */;
			targetProxy = 93518E511F278DA9005381E6 /* PBXContainerItemProxy */;
		};
		93518E5D1F278DA9005381E6 /* PBXTargetDependency */ = {
			isa = PBXTargetDependency;
			target = 93518E3B1F278DA9005381E6 /* gallery.ver2 */;
			targetProxy = 93518E5C1F278DA9005381E6 /* PBXContainerItemProxy */;
		};
/* End PBXTargetDependency section */

/* Begin PBXVariantGroup section */
		93518E431F278DA9005381E6 /* Main.storyboard */ = {
			isa = PBXVariantGroup;
			children = (
				93518E441F278DA9005381E6 /* Base */,
			);
			name = Main.storyboard;
			sourceTree = "<group>";
		};
		93518E481F278DA9005381E6 /* LaunchScreen.storyboard */ = {
			isa = PBXVariantGroup;
			children = (
				93518E491F278DA9005381E6 /* Base */,
			);
			name = LaunchScreen.storyboard;
			sourceTree = "<group>";
		};
/* End PBXVariantGroup section */

/* Begin XCBuildConfiguration section */
		93518E621F278DA9005381E6 /* Debug */ = {
			isa = XCBuildConfiguration;
			buildSettings = {
				ALWAYS_SEARCH_USER_PATHS = NO;
				CLANG_ANALYZER_NONNULL = YES;
				CLANG_ANALYZER_NUMBER_OBJECT_CONVERSION = YES_AGGRESSIVE;
				CLANG_CXX_LANGUAGE_STANDARD = "gnu++0x";
				CLANG_CXX_LIBRARY = "libc++";
				CLANG_ENABLE_MODULES = YES;
				CLANG_ENABLE_OBJC_ARC = YES;
				CLANG_WARN_BOOL_CONVERSION = YES;
				CLANG_WARN_CONSTANT_CONVERSION = YES;
				CLANG_WARN_DIRECT_OBJC_ISA_USAGE = YES_ERROR;
				CLANG_WARN_DOCUMENTATION_COMMENTS = YES;
				CLANG_WARN_EMPTY_BODY = YES;
				CLANG_WARN_ENUM_CONVERSION = YES;
				CLANG_WARN_INFINITE_RECURSION = YES;
				CLANG_WARN_INT_CONVERSION = YES;
				CLANG_WARN_OBJC_ROOT_CLASS = YES_ERROR;
				CLANG_WARN_SUSPICIOUS_MOVE = YES;
				CLANG_WARN_UNREACHABLE_CODE = YES;
				CLANG_WARN__DUPLICATE_METHOD_MATCH = YES;
				"CODE_SIGN_IDENTITY[sdk=iphoneos*]" = "iPhone Developer";
				COPY_PHASE_STRIP = NO;
				DEBUG_INFORMATION_FORMAT = dwarf;
				ENABLE_STRICT_OBJC_MSGSEND = YES;
				ENABLE_TESTABILITY = YES;
				GCC_C_LANGUAGE_STANDARD = gnu99;
				GCC_DYNAMIC_NO_PIC = NO;
				GCC_NO_COMMON_BLOCKS = YES;
				GCC_OPTIMIZATION_LEVEL = 0;
				GCC_PREPROCESSOR_DEFINITIONS = (
					"DEBUG=1",
					"$(inherited)",
				);
				GCC_WARN_64_TO_32_BIT_CONVERSION = YES;
				GCC_WARN_ABOUT_RETURN_TYPE = YES_ERROR;
				GCC_WARN_UNDECLARED_SELECTOR = YES;
				GCC_WARN_UNINITIALIZED_AUTOS = YES_AGGRESSIVE;
				GCC_WARN_UNUSED_FUNCTION = YES;
				GCC_WARN_UNUSED_VARIABLE = YES;
				IPHONEOS_DEPLOYMENT_TARGET = 10.3;
				MTL_ENABLE_DEBUG_INFO = YES;
				ONLY_ACTIVE_ARCH = YES;
				SDKROOT = iphoneos;
				SWIFT_ACTIVE_COMPILATION_CONDITIONS = DEBUG;
				SWIFT_OPTIMIZATION_LEVEL = "-Onone";
			};
			name = Debug;
		};
		93518E631F278DA9005381E6 /* Release */ = {
			isa = XCBuildConfiguration;
			buildSettings = {
				ALWAYS_SEARCH_USER_PATHS = NO;
				CLANG_ANALYZER_NONNULL = YES;
				CLANG_ANALYZER_NUMBER_OBJECT_CONVERSION = YES_AGGRESSIVE;
				CLANG_CXX_LANGUAGE_STANDARD = "gnu++0x";
				CLANG_CXX_LIBRARY = "libc++";
				CLANG_ENABLE_MODULES = YES;
				CLANG_ENABLE_OBJC_ARC = YES;
				CLANG_WARN_BOOL_CONVERSION = YES;
				CLANG_WARN_CONSTANT_CONVERSION = YES;
				CLANG_WARN_DIRECT_OBJC_ISA_USAGE = YES_ERROR;
				CLANG_WARN_DOCUMENTATION_COMMENTS = YES;
				CLANG_WARN_EMPTY_BODY = YES;
				CLANG_WARN_ENUM_CONVERSION = YES;
				CLANG_WARN_INFINITE_RECURSION = YES;
				CLANG_WARN_INT_CONVERSION = YES;
				CLANG_WARN_OBJC_ROOT_CLASS = YES_ERROR;
				CLANG_WARN_SUSPICIOUS_MOVE = YES;
				CLANG_WARN_UNREACHABLE_CODE = YES;
				CLANG_WARN__DUPLICATE_METHOD_MATCH = YES;
				"CODE_SIGN_IDENTITY[sdk=iphoneos*]" = "iPhone Developer";
				COPY_PHASE_STRIP = NO;
				DEBUG_INFORMATION_FORMAT = "dwarf-with-dsym";
				ENABLE_NS_ASSERTIONS = NO;
				ENABLE_STRICT_OBJC_MSGSEND = YES;
				GCC_C_LANGUAGE_STANDARD = gnu99;
				GCC_NO_COMMON_BLOCKS = YES;
				GCC_WARN_64_TO_32_BIT_CONVERSION = YES;
				GCC_WARN_ABOUT_RETURN_TYPE = YES_ERROR;
				GCC_WARN_UNDECLARED_SELECTOR = YES;
				GCC_WARN_UNINITIALIZED_AUTOS = YES_AGGRESSIVE;
				GCC_WARN_UNUSED_FUNCTION = YES;
				GCC_WARN_UNUSED_VARIABLE = YES;
				IPHONEOS_DEPLOYMENT_TARGET = 10.3;
				MTL_ENABLE_DEBUG_INFO = NO;
				SDKROOT = iphoneos;
				SWIFT_OPTIMIZATION_LEVEL = "-Owholemodule";
				VALIDATE_PRODUCT = YES;
			};
			name = Release;
		};
		93518E651F278DA9005381E6 /* Debug */ = {
			isa = XCBuildConfiguration;
			buildSettings = {
				ASSETCATALOG_COMPILER_APPICON_NAME = AppIcon;
				INFOPLIST_FILE = gallery.ver2/Info.plist;
				LD_RUNPATH_SEARCH_PATHS = "$(inherited) @executable_path/Frameworks";
				PRODUCT_BUNDLE_IDENTIFIER = "-.gallery-ver2";
				PRODUCT_NAME = "$(TARGET_NAME)";
				SWIFT_VERSION = 3.0;
			};
			name = Debug;
		};
		93518E661F278DA9005381E6 /* Release */ = {
			isa = XCBuildConfiguration;
			buildSettings = {
				ASSETCATALOG_COMPILER_APPICON_NAME = AppIcon;
				INFOPLIST_FILE = gallery.ver2/Info.plist;
				LD_RUNPATH_SEARCH_PATHS = "$(inherited) @executable_path/Frameworks";
				PRODUCT_BUNDLE_IDENTIFIER = "-.gallery-ver2";
				PRODUCT_NAME = "$(TARGET_NAME)";
				SWIFT_VERSION = 3.0;
			};
			name = Release;
		};
		93518E681F278DA9005381E6 /* Debug */ = {
			isa = XCBuildConfiguration;
			buildSettings = {
				ALWAYS_EMBED_SWIFT_STANDARD_LIBRARIES = YES;
				BUNDLE_LOADER = "$(TEST_HOST)";
				INFOPLIST_FILE = gallery.ver2Tests/Info.plist;
				LD_RUNPATH_SEARCH_PATHS = "$(inherited) @executable_path/Frameworks @loader_path/Frameworks";
				PRODUCT_BUNDLE_IDENTIFIER = "-.gallery-ver2Tests";
				PRODUCT_NAME = "$(TARGET_NAME)";
				SWIFT_VERSION = 3.0;
				TEST_HOST = "$(BUILT_PRODUCTS_DIR)/gallery.ver2.app/gallery.ver2";
			};
			name = Debug;
		};
		93518E691F278DA9005381E6 /* Release */ = {
			isa = XCBuildConfiguration;
			buildSettings = {
				ALWAYS_EMBED_SWIFT_STANDARD_LIBRARIES = YES;
				BUNDLE_LOADER = "$(TEST_HOST)";
				INFOPLIST_FILE = gallery.ver2Tests/Info.plist;
				LD_RUNPATH_SEARCH_PATHS = "$(inherited) @executable_path/Frameworks @loader_path/Frameworks";
				PRODUCT_BUNDLE_IDENTIFIER = "-.gallery-ver2Tests";
				PRODUCT_NAME = "$(TARGET_NAME)";
				SWIFT_VERSION = 3.0;
				TEST_HOST = "$(BUILT_PRODUCTS_DIR)/gallery.ver2.app/gallery.ver2";
			};
			name = Release;
		};
		93518E6B1F278DA9005381E6 /* Debug */ = {
			isa = XCBuildConfiguration;
			buildSettings = {
				ALWAYS_EMBED_SWIFT_STANDARD_LIBRARIES = YES;
				INFOPLIST_FILE = gallery.ver2UITests/Info.plist;
				LD_RUNPATH_SEARCH_PATHS = "$(inherited) @executable_path/Frameworks @loader_path/Frameworks";
				PRODUCT_BUNDLE_IDENTIFIER = "-.gallery-ver2UITests";
				PRODUCT_NAME = "$(TARGET_NAME)";
				SWIFT_VERSION = 3.0;
				TEST_TARGET_NAME = gallery.ver2;
			};
			name = Debug;
		};
		93518E6C1F278DA9005381E6 /* Release */ = {
			isa = XCBuildConfiguration;
			buildSettings = {
				ALWAYS_EMBED_SWIFT_STANDARD_LIBRARIES = YES;
				INFOPLIST_FILE = gallery.ver2UITests/Info.plist;
				LD_RUNPATH_SEARCH_PATHS = "$(inherited) @executable_path/Frameworks @loader_path/Frameworks";
				PRODUCT_BUNDLE_IDENTIFIER = "-.gallery-ver2UITests";
				PRODUCT_NAME = "$(TARGET_NAME)";
				SWIFT_VERSION = 3.0;
				TEST_TARGET_NAME = gallery.ver2;
			};
			name = Release;
		};
/* End XCBuildConfiguration section */

/* Begin XCConfigurationList section */
		93518E371F278DA9005381E6 /* Build configuration list for PBXProject "gallery.ver2" */ = {
			isa = XCConfigurationList;
			buildConfigurations = (
				93518E621F278DA9005381E6 /* Debug */,
				93518E631F278DA9005381E6 /* Release */,
			);
			defaultConfigurationIsVisible = 0;
			defaultConfigurationName = Release;
		};
		93518E641F278DA9005381E6 /* Build configuration list for PBXNativeTarget "gallery.ver2" */ = {
			isa = XCConfigurationList;
			buildConfigurations = (
				93518E651F278DA9005381E6 /* Debug */,
				93518E661F278DA9005381E6 /* Release */,
			);
			defaultConfigurationIsVisible = 0;
		};
		93518E671F278DA9005381E6 /* Build configuration list for PBXNativeTarget "gallery.ver2Tests" */ = {
			isa = XCConfigurationList;
			buildConfigurations = (
				93518E681F278DA9005381E6 /* Debug */,
				93518E691F278DA9005381E6 /* Release */,
			);
			defaultConfigurationIsVisible = 0;
		};
		93518E6A1F278DA9005381E6 /* Build configuration list for PBXNativeTarget "gallery.ver2UITests" */ = {
			isa = XCConfigurationList;
			buildConfigurations = (
				93518E6B1F278DA9005381E6 /* Debug */,
				93518E6C1F278DA9005381E6 /* Release */,
			);
			defaultConfigurationIsVisible = 0;
		};
/* End XCConfigurationList section */
	};
	rootObject = 93518E341F278DA9005381E6 /* Project object */;
}
